{
  "name": "pdffiller-aws-lambda",
  "version": "0.0.12",
  "lockfileVersion": 1,
  "requires": true,
  "dependencies": {
    "lodash": {
      "version": "3.8.0",
      "resolved": "https://registry.npmjs.org/lodash/-/lodash-3.8.0.tgz",
      "integrity": "sha1-N265i9zZOCqTZcM8TLglDeEyW5E="
    },
    "pdftk-lambda": {
      "version": "0.0.5",
      "resolved": "https://registry.npmjs.org/pdftk-lambda/-/pdftk-lambda-0.0.5.tgz",
      "integrity": "sha512-72kN8N7TtDo7COIMSRW4cJd7JQR0vubSB8Y/YlTpMLdRLvik3GycIvyaUtQWks1ghjQqpYpBbddQQQSe8pTjlQ=="
    }
  }
}
